
Microsoft Visual Studio Solution File, Format Version 12.00
# Visual Studio Version 17
VisualStudioVersion = 17.12.35527.113 d17.12
MinimumVisualStudioVersion = 10.0.40219.1
Project("{8BC9CEB8-8B4A-11D0-8D11-00A0C91BC942}") = "A1", "A1\A1.vcxproj", "{1C8020C9-9BBE-4E73-BF39-8501D81A6FC4}"
EndProject
Project("{8BC9CEB8-8B4A-11D0-8D11-00A0C91BC942}") = "A2", "A2\A2.vcxproj", "{05F92D22-EE3D-454D-9432-8FC46C3A525F}"
EndProject
Project("{8BC9CEB8-8B4A-11D0-8D11-00A0C91BC942}") = "A3", "A3\A3.vcxproj", "{B96F1C32-1733-4089-84AD-95B0E44B61CF}"
EndProject
Global
	GlobalSection(SolutionConfigurationPlatforms) = preSolution
		Debug|x64 = Debug|x64
		Debug|x86 = Debug|x86
		Release|x64 = Release|x64
		Release|x86 = Release|x86
	EndGlobalSection
	GlobalSection(ProjectConfigurationPlatforms) = postSolution
		{1C8020C9-9BBE-4E73-BF39-8501D81A6FC4}.Debug|x64.ActiveCfg = Debug|x64
		{1C8020C9-9BBE-4E73-BF39-8501D81A6FC4}.Debug|x64.Build.0 = Debug|x64
		{1C8020C9-9BBE-4E73-BF39-8501D81A6FC4}.Debug|x86.ActiveCfg = Debug|Win32
		{1C8020C9-9BBE-4E73-BF39-8501D81A6FC4}.Debug|x86.Build.0 = Debug|Win32
		{1C8020C9-9BBE-4E73-BF39-8501D81A6FC4}.Release|x64.ActiveCfg = Release|x64
		{1C8020C9-9BBE-4E73-BF39-8501D81A6FC4}.Release|x64.Build.0 = Release|x64
		{1C8020C9-9BBE-4E73-BF39-8501D81A6FC4}.Release|x86.ActiveCfg = Release|Win32
		{1C8020C9-9BBE-4E73-BF39-8501D81A6FC4}.Release|x86.Build.0 = Release|Win32
		{05F92D22-EE3D-454D-9432-8FC46C3A525F}.Debug|x64.ActiveCfg = Debug|x64
		{05F92D22-EE3D-454D-9432-8FC46C3A525F}.Debug|x64.Build.0 = Debug|x64
		{05F92D22-EE3D-454D-9432-8FC46C3A525F}.Debug|x86.ActiveCfg = Debug|Win32
		{05F92D22-EE3D-454D-9432-8FC46C3A525F}.Debug|x86.Build.0 = Debug|Win32
		{05F92D22-EE3D-454D-9432-8FC46C3A525F}.Release|x64.ActiveCfg = Release|x64
		{05F92D22-EE3D-454D-9432-8FC46C3A525F}.Release|x64.Build.0 = Release|x64
		{05F92D22-EE3D-454D-9432-8FC46C3A525F}.Release|x86.ActiveCfg = Release|Win32
		{05F92D22-EE3D-454D-9432-8FC46C3A525F}.Release|x86.Build.0 = Release|Win32
		{B96F1C32-1733-4089-84AD-95B0E44B61CF}.Debug|x64.ActiveCfg = Debug|x64
		{B96F1C32-1733-4089-84AD-95B0E44B61CF}.Debug|x64.Build.0 = Debug|x64
		{B96F1C32-1733-4089-84AD-95B0E44B61CF}.Debug|x86.ActiveCfg = Debug|Win32
		{B96F1C32-1733-4089-84AD-95B0E44B61CF}.Debug|x86.Build.0 = Debug|Win32
		{B96F1C32-1733-4089-84AD-95B0E44B61CF}.Release|x64.ActiveCfg = Release|x64
		{B96F1C32-1733-4089-84AD-95B0E44B61CF}.Release|x64.Build.0 = Release|x64
		{B96F1C32-1733-4089-84AD-95B0E44B61CF}.Release|x86.ActiveCfg = Release|Win32
		{B96F1C32-1733-4089-84AD-95B0E44B61CF}.Release|x86.Build.0 = Release|Win32
	EndGlobalSection
	GlobalSection(SolutionProperties) = preSolution
		HideSolutionNode = FALSE
	EndGlobalSection
EndGlobal
